// !$*UTF8*$!
{
	archiveVersion = 1;
	classes = {
	};
	objectVersion = 50;
	objects = {

/* Begin PBXBuildFile section */
		D07A30E625790545008BEC40 /* ResourceLoader.swift in Sources */ = {isa = PBXBuildFile; fileRef = D07A30E525790545008BEC40 /* ResourceLoader.swift */; };
		D07A30EA25790570008BEC40 /* Movies.json in Resources */ = {isa = PBXBuildFile; fileRef = D07A30E925790570008BEC40 /* Movies.json */; };
		D07A30EE2579062C008BEC40 /* Decoders.swift in Sources */ = {isa = PBXBuildFile; fileRef = D07A30ED2579062C008BEC40 /* Decoders.swift */; };
		D07A30F325790D7D008BEC40 /* Router.swift in Sources */ = {isa = PBXBuildFile; fileRef = D07A30F225790D7D008BEC40 /* Router.swift */; };
		D07A30F62579148F008BEC40 /* MoviesVC.swift in Sources */ = {isa = PBXBuildFile; fileRef = D07A30F52579148F008BEC40 /* MoviesVC.swift */; };
		D07A311A257A4B10008BEC40 /* MovieCollectionViewCell.swift in Sources */ = {isa = PBXBuildFile; fileRef = D07A3119257A4B10008BEC40 /* MovieCollectionViewCell.swift */; };
		D07A311D257A4B25008BEC40 /* MovieCollectionViewCell.xib in Resources */ = {isa = PBXBuildFile; fileRef = D07A311C257A4B25008BEC40 /* MovieCollectionViewCell.xib */; };
		D07A3122257A7919008BEC40 /* ListCollectionViewLayout.swift in Sources */ = {isa = PBXBuildFile; fileRef = D07A3121257A7919008BEC40 /* ListCollectionViewLayout.swift */; };
		D07A3125257B9F79008BEC40 /* UIImageView-Ext.swift in Sources */ = {isa = PBXBuildFile; fileRef = D07A3124257B9F79008BEC40 /* UIImageView-Ext.swift */; };
		D07A3128257BA651008BEC40 /* UIViewController - Ext.swift in Sources */ = {isa = PBXBuildFile; fileRef = D07A3127257BA651008BEC40 /* UIViewController - Ext.swift */; };
		D0D03A232578BE9F001D131B /* AppDelegate.swift in Sources */ = {isa = PBXBuildFile; fileRef = D0D03A222578BE9F001D131B /* AppDelegate.swift */; };
		D0D03A252578BE9F001D131B /* SceneDelegate.swift in Sources */ = {isa = PBXBuildFile; fileRef = D0D03A242578BE9F001D131B /* SceneDelegate.swift */; };
		D0D03A2A2578BE9F001D131B /* Main.storyboard in Resources */ = {isa = PBXBuildFile; fileRef = D0D03A282578BE9F001D131B /* Main.storyboard */; };
		D0D03A2C2578BEA1001D131B /* Assets.xcassets in Resources */ = {isa = PBXBuildFile; fileRef = D0D03A2B2578BEA1001D131B /* Assets.xcassets */; };
		D0D03A2F2578BEA1001D131B /* LaunchScreen.storyboard in Resources */ = {isa = PBXBuildFile; fileRef = D0D03A2D2578BEA1001D131B /* LaunchScreen.storyboard */; };
		D0D03A6D2578C3C4001D131B /* MoviesAPI.framework in Frameworks */ = {isa = PBXBuildFile; fileRef = D0D03A6C2578C3C4001D131B /* MoviesAPI.framework */; };
		D0D03A6E2578C3C4001D131B /* MoviesAPI.framework in Embed Frameworks */ = {isa = PBXBuildFile; fileRef = D0D03A6C2578C3C4001D131B /* MoviesAPI.framework */; settings = {ATTRIBUTES = (CodeSignOnCopy, RemoveHeadersOnCopy, ); }; };
		D0D03A722578C3E6001D131B /* AppContainer.swift in Sources */ = {isa = PBXBuildFile; fileRef = D0D03A712578C3E6001D131B /* AppContainer.swift */; };
		D0D03A7B2578F5C4001D131B /* Movie.swift in Sources */ = {isa = PBXBuildFile; fileRef = D0D03A7A2578F5C4001D131B /* Movie.swift */; };
		D0DD57572578FAE30067A8E9 /* MoviesViewModel.swift in Sources */ = {isa = PBXBuildFile; fileRef = D0DD57562578FAE30067A8E9 /* MoviesViewModel.swift */; };
		D0DD575F2578FB120067A8E9 /* MoviesTests.swift in Sources */ = {isa = PBXBuildFile; fileRef = D0DD575E2578FB120067A8E9 /* MoviesTests.swift */; };
		D0DD576A2578FDE60067A8E9 /* MockMoviesAPI.swift in Sources */ = {isa = PBXBuildFile; fileRef = D0DD57692578FDE60067A8E9 /* MockMoviesAPI.swift */; };
/* End PBXBuildFile section */

/* Begin PBXContainerItemProxy section */
		D0DD57612578FB120067A8E9 /* PBXContainerItemProxy */ = {
			isa = PBXContainerItemProxy;
			containerPortal = D0D03A172578BE9E001D131B /* Project object */;
			proxyType = 1;
			remoteGlobalIDString = D0D03A1E2578BE9F001D131B;
			remoteInfo = MoviesApp;
		};
/* End PBXContainerItemProxy section */

/* Begin PBXCopyFilesBuildPhase section */
		D0D03A6F2578C3C4001D131B /* Embed Frameworks */ = {
			isa = PBXCopyFilesBuildPhase;
			buildActionMask = 2147483647;
			dstPath = "";
			dstSubfolderSpec = 10;
			files = (
				D0D03A6E2578C3C4001D131B /* MoviesAPI.framework in Embed Frameworks */,
			);
			name = "Embed Frameworks";
			runOnlyForDeploymentPostprocessing = 0;
		};
/* End PBXCopyFilesBuildPhase section */

/* Begin PBXFileReference section */
		D07A30E525790545008BEC40 /* ResourceLoader.swift */ = {isa = PBXFileReference; lastKnownFileType = sourcecode.swift; path = ResourceLoader.swift; sourceTree = "<group>"; };
		D07A30E925790570008BEC40 /* Movies.json */ = {isa = PBXFileReference; lastKnownFileType = text.json; path = Movies.json; sourceTree = "<group>"; };
		D07A30ED2579062C008BEC40 /* Decoders.swift */ = {isa = PBXFileReference; lastKnownFileType = sourcecode.swift; path = Decoders.swift; sourceTree = "<group>"; };
		D07A30F225790D7D008BEC40 /* Router.swift */ = {isa = PBXFileReference; lastKnownFileType = sourcecode.swift; path = Router.swift; sourceTree = "<group>"; };
		D07A30F52579148F008BEC40 /* MoviesVC.swift */ = {isa = PBXFileReference; lastKnownFileType = sourcecode.swift; path = MoviesVC.swift; sourceTree = "<group>"; };
		D07A3119257A4B10008BEC40 /* MovieCollectionViewCell.swift */ = {isa = PBXFileReference; lastKnownFileType = sourcecode.swift; path = MovieCollectionViewCell.swift; sourceTree = "<group>"; };
		D07A311C257A4B25008BEC40 /* MovieCollectionViewCell.xib */ = {isa = PBXFileReference; lastKnownFileType = file.xib; path = MovieCollectionViewCell.xib; sourceTree = "<group>"; };
		D07A3121257A7919008BEC40 /* ListCollectionViewLayout.swift */ = {isa = PBXFileReference; lastKnownFileType = sourcecode.swift; path = ListCollectionViewLayout.swift; sourceTree = "<group>"; };
		D07A3124257B9F79008BEC40 /* UIImageView-Ext.swift */ = {isa = PBXFileReference; lastKnownFileType = sourcecode.swift; path = "UIImageView-Ext.swift"; sourceTree = "<group>"; };
		D07A3127257BA651008BEC40 /* UIViewController - Ext.swift */ = {isa = PBXFileReference; lastKnownFileType = sourcecode.swift; path = "UIViewController - Ext.swift"; sourceTree = "<group>"; };
		D0D03A1F2578BE9F001D131B /* MoviesApp.app */ = {isa = PBXFileReference; explicitFileType = wrapper.application; includeInIndex = 0; path = MoviesApp.app; sourceTree = BUILT_PRODUCTS_DIR; };
		D0D03A222578BE9F001D131B /* AppDelegate.swift */ = {isa = PBXFileReference; lastKnownFileType = sourcecode.swift; path = AppDelegate.swift; sourceTree = "<group>"; };
		D0D03A242578BE9F001D131B /* SceneDelegate.swift */ = {isa = PBXFileReference; lastKnownFileType = sourcecode.swift; path = SceneDelegate.swift; sourceTree = "<group>"; };
		D0D03A292578BE9F001D131B /* Base */ = {isa = PBXFileReference; lastKnownFileType = file.storyboard; name = Base; path = Base.lproj/Main.storyboard; sourceTree = "<group>"; };
		D0D03A2B2578BEA1001D131B /* Assets.xcassets */ = {isa = PBXFileReference; lastKnownFileType = folder.assetcatalog; path = Assets.xcassets; sourceTree = "<group>"; };
		D0D03A2E2578BEA1001D131B /* Base */ = {isa = PBXFileReference; lastKnownFileType = file.storyboard; name = Base; path = Base.lproj/LaunchScreen.storyboard; sourceTree = "<group>"; };
		D0D03A302578BEA1001D131B /* Info.plist */ = {isa = PBXFileReference; lastKnownFileType = text.plist.xml; path = Info.plist; sourceTree = "<group>"; };
		D0D03A6C2578C3C4001D131B /* MoviesAPI.framework */ = {isa = PBXFileReference; explicitFileType = wrapper.framework; path = MoviesAPI.framework; sourceTree = BUILT_PRODUCTS_DIR; };
		D0D03A712578C3E6001D131B /* AppContainer.swift */ = {isa = PBXFileReference; lastKnownFileType = sourcecode.swift; path = AppContainer.swift; sourceTree = "<group>"; };
		D0D03A7A2578F5C4001D131B /* Movie.swift */ = {isa = PBXFileReference; lastKnownFileType = sourcecode.swift; path = Movie.swift; sourceTree = "<group>"; };
		D0DD57562578FAE30067A8E9 /* MoviesViewModel.swift */ = {isa = PBXFileReference; lastKnownFileType = sourcecode.swift; path = MoviesViewModel.swift; sourceTree = "<group>"; };
		D0DD575C2578FB120067A8E9 /* MoviesAppTests.xctest */ = {isa = PBXFileReference; explicitFileType = wrapper.cfbundle; includeInIndex = 0; path = MoviesAppTests.xctest; sourceTree = BUILT_PRODUCTS_DIR; };
		D0DD575E2578FB120067A8E9 /* MoviesTests.swift */ = {isa = PBXFileReference; lastKnownFileType = sourcecode.swift; path = MoviesTests.swift; sourceTree = "<group>"; };
		D0DD57602578FB120067A8E9 /* Info.plist */ = {isa = PBXFileReference; lastKnownFileType = text.plist.xml; path = Info.plist; sourceTree = "<group>"; };
		D0DD57692578FDE60067A8E9 /* MockMoviesAPI.swift */ = {isa = PBXFileReference; lastKnownFileType = sourcecode.swift; path = MockMoviesAPI.swift; sourceTree = "<group>"; };
/* End PBXFileReference section */

/* Begin PBXFrameworksBuildPhase section */
		D0D03A1C2578BE9F001D131B /* Frameworks */ = {
			isa = PBXFrameworksBuildPhase;
			buildActionMask = 2147483647;
			files = (
				D0D03A6D2578C3C4001D131B /* MoviesAPI.framework in Frameworks */,
			);
			runOnlyForDeploymentPostprocessing = 0;
		};
		D0DD57592578FB120067A8E9 /* Frameworks */ = {
			isa = PBXFrameworksBuildPhase;
			buildActionMask = 2147483647;
			files = (
			);
			runOnlyForDeploymentPostprocessing = 0;
		};
/* End PBXFrameworksBuildPhase section */

/* Begin PBXGroup section */
		D07A30E825790558008BEC40 /* Resources */ = {
			isa = PBXGroup;
			children = (
				D07A30E525790545008BEC40 /* ResourceLoader.swift */,
				D07A30E925790570008BEC40 /* Movies.json */,
			);
			path = Resources;
			sourceTree = "<group>";
		};
		D07A30F125790D74008BEC40 /* Router */ = {
			isa = PBXGroup;
			children = (
				D07A30F225790D7D008BEC40 /* Router.swift */,
			);
			path = Router;
			sourceTree = "<group>";
		};
		D07A3118257A4AF1008BEC40 /* Cell */ = {
			isa = PBXGroup;
			children = (
				D07A3119257A4B10008BEC40 /* MovieCollectionViewCell.swift */,
				D07A311C257A4B25008BEC40 /* MovieCollectionViewCell.xib */,
			);
			path = Cell;
			sourceTree = "<group>";
		};
		D0D03A162578BE9E001D131B = {
			isa = PBXGroup;
			children = (
				D0D03A212578BE9F001D131B /* MoviesApp */,
				D0DD575D2578FB120067A8E9 /* MoviesAppTests */,
				D0D03A202578BE9F001D131B /* Products */,
				D0D03A6B2578C3C4001D131B /* Frameworks */,
			);
			sourceTree = "<group>";
		};
		D0D03A202578BE9F001D131B /* Products */ = {
			isa = PBXGroup;
			children = (
				D0D03A1F2578BE9F001D131B /* MoviesApp.app */,
				D0DD575C2578FB120067A8E9 /* MoviesAppTests.xctest */,
			);
			name = Products;
			sourceTree = "<group>";
		};
		D0D03A212578BE9F001D131B /* MoviesApp */ = {
			isa = PBXGroup;
			children = (
				D0D03A702578C3D9001D131B /* App */,
				D0D03A762578F49D001D131B /* Scenes */,
				D0D03A752578DB7C001D131B /* Supports */,
				D0D03A302578BEA1001D131B /* Info.plist */,
			);
			path = MoviesApp;
			sourceTree = "<group>";
		};
		D0D03A6B2578C3C4001D131B /* Frameworks */ = {
			isa = PBXGroup;
			children = (
				D0D03A6C2578C3C4001D131B /* MoviesAPI.framework */,
			);
			name = Frameworks;
			sourceTree = "<group>";
		};
		D0D03A702578C3D9001D131B /* App */ = {
			isa = PBXGroup;
			children = (
				D0D03A242578BE9F001D131B /* SceneDelegate.swift */,
				D0D03A222578BE9F001D131B /* AppDelegate.swift */,
				D0D03A712578C3E6001D131B /* AppContainer.swift */,
			);
			path = App;
			sourceTree = "<group>";
		};
		D0D03A752578DB7C001D131B /* Supports */ = {
			isa = PBXGroup;
			children = (
				D07A30F125790D74008BEC40 /* Router */,
				D07A30ED2579062C008BEC40 /* Decoders.swift */,
				D07A30E825790558008BEC40 /* Resources */,
				D0DD57672578FB960067A8E9 /* Mocks */,
				D0DD57532578FA110067A8E9 /* Extensions */,
				D0D03A2D2578BEA1001D131B /* LaunchScreen.storyboard */,
				D0D03A2B2578BEA1001D131B /* Assets.xcassets */,
			);
			path = Supports;
			sourceTree = "<group>";
		};
		D0D03A762578F49D001D131B /* Scenes */ = {
			isa = PBXGroup;
			children = (
				D0D03A772578F4A4001D131B /* Model */,
				D0D03A782578F4A9001D131B /* View */,
				D0D03A792578F4AD001D131B /* ViewModel */,
			);
			path = Scenes;
			sourceTree = "<group>";
		};
		D0D03A772578F4A4001D131B /* Model */ = {
			isa = PBXGroup;
			children = (
				D0D03A7A2578F5C4001D131B /* Movie.swift */,
			);
			path = Model;
			sourceTree = "<group>";
		};
		D0D03A782578F4A9001D131B /* View */ = {
			isa = PBXGroup;
			children = (
				D07A3118257A4AF1008BEC40 /* Cell */,
				D0D03A282578BE9F001D131B /* Main.storyboard */,
				D07A30F52579148F008BEC40 /* MoviesVC.swift */,
				D07A3121257A7919008BEC40 /* ListCollectionViewLayout.swift */,
			);
			path = View;
			sourceTree = "<group>";
		};
		D0D03A792578F4AD001D131B /* ViewModel */ = {
			isa = PBXGroup;
			children = (
				D0DD57562578FAE30067A8E9 /* MoviesViewModel.swift */,
			);
			path = ViewModel;
			sourceTree = "<group>";
		};
		D0DD57532578FA110067A8E9 /* Extensions */ = {
			isa = PBXGroup;
			children = (
				D07A3124257B9F79008BEC40 /* UIImageView-Ext.swift */,
				D07A3127257BA651008BEC40 /* UIViewController - Ext.swift */,
			);
			path = Extensions;
			sourceTree = "<group>";
		};
		D0DD575D2578FB120067A8E9 /* MoviesAppTests */ = {
			isa = PBXGroup;
			children = (
				D0DD575E2578FB120067A8E9 /* MoviesTests.swift */,
				D0DD57602578FB120067A8E9 /* Info.plist */,
			);
			path = MoviesAppTests;
			sourceTree = "<group>";
		};
		D0DD57672578FB960067A8E9 /* Mocks */ = {
			isa = PBXGroup;
			children = (
				D0DD57692578FDE60067A8E9 /* MockMoviesAPI.swift */,
			);
			path = Mocks;
			sourceTree = "<group>";
		};
/* End PBXGroup section */

/* Begin PBXNativeTarget section */
		D0D03A1E2578BE9F001D131B /* MoviesApp */ = {
			isa = PBXNativeTarget;
			buildConfigurationList = D0D03A332578BEA1001D131B /* Build configuration list for PBXNativeTarget "MoviesApp" */;
			buildPhases = (
				D0D03A1B2578BE9F001D131B /* Sources */,
				D0D03A1C2578BE9F001D131B /* Frameworks */,
				D0D03A1D2578BE9F001D131B /* Resources */,
				D0D03A6F2578C3C4001D131B /* Embed Frameworks */,
			);
			buildRules = (
			);
			dependencies = (
			);
			name = MoviesApp;
			productName = MoviesApp;
			productReference = D0D03A1F2578BE9F001D131B /* MoviesApp.app */;
			productType = "com.apple.product-type.application";
		};
		D0DD575B2578FB120067A8E9 /* MoviesAppTests */ = {
			isa = PBXNativeTarget;
			buildConfigurationList = D0DD57632578FB120067A8E9 /* Build configuration list for PBXNativeTarget "MoviesAppTests" */;
			buildPhases = (
				D0DD57582578FB120067A8E9 /* Sources */,
				D0DD57592578FB120067A8E9 /* Frameworks */,
				D0DD575A2578FB120067A8E9 /* Resources */,
			);
			buildRules = (
			);
			dependencies = (
				D0DD57622578FB120067A8E9 /* PBXTargetDependency */,
			);
			name = MoviesAppTests;
			productName = MoviesAppTests;
			productReference = D0DD575C2578FB120067A8E9 /* MoviesAppTests.xctest */;
			productType = "com.apple.product-type.bundle.unit-test";
		};
/* End PBXNativeTarget section */

/* Begin PBXProject section */
		D0D03A172578BE9E001D131B /* Project object */ = {
			isa = PBXProject;
			attributes = {
				LastSwiftUpdateCheck = 1220;
				LastUpgradeCheck = 1220;
				TargetAttributes = {
					D0D03A1E2578BE9F001D131B = {
						CreatedOnToolsVersion = 12.2;
					};
					D0DD575B2578FB120067A8E9 = {
						CreatedOnToolsVersion = 12.2;
						TestTargetID = D0D03A1E2578BE9F001D131B;
					};
				};
			};
			buildConfigurationList = D0D03A1A2578BE9E001D131B /* Build configuration list for PBXProject "MoviesApp" */;
			compatibilityVersion = "Xcode 9.3";
			developmentRegion = en;
			hasScannedForEncodings = 0;
			knownRegions = (
				en,
				Base,
			);
			mainGroup = D0D03A162578BE9E001D131B;
			productRefGroup = D0D03A202578BE9F001D131B /* Products */;
			projectDirPath = "";
			projectRoot = "";
			targets = (
				D0D03A1E2578BE9F001D131B /* MoviesApp */,
				D0DD575B2578FB120067A8E9 /* MoviesAppTests */,
			);
		};
/* End PBXProject section */

/* Begin PBXResourcesBuildPhase section */
		D0D03A1D2578BE9F001D131B /* Resources */ = {
			isa = PBXResourcesBuildPhase;
			buildActionMask = 2147483647;
			files = (
				D07A311D257A4B25008BEC40 /* MovieCollectionViewCell.xib in Resources */,
				D0D03A2F2578BEA1001D131B /* LaunchScreen.storyboard in Resources */,
				D0D03A2C2578BEA1001D131B /* Assets.xcassets in Resources */,
				D07A30EA25790570008BEC40 /* Movies.json in Resources */,
				D0D03A2A2578BE9F001D131B /* Main.storyboard in Resources */,
			);
			runOnlyForDeploymentPostprocessing = 0;
		};
		D0DD575A2578FB120067A8E9 /* Resources */ = {
			isa = PBXResourcesBuildPhase;
			buildActionMask = 2147483647;
			files = (
			);
			runOnlyForDeploymentPostprocessing = 0;
		};
/* End PBXResourcesBuildPhase section */

/* Begin PBXSourcesBuildPhase section */
		D0D03A1B2578BE9F001D131B /* Sources */ = {
			isa = PBXSourcesBuildPhase;
			buildActionMask = 2147483647;
			files = (
				D0D03A7B2578F5C4001D131B /* Movie.swift in Sources */,
				D0DD576A2578FDE60067A8E9 /* MockMoviesAPI.swift in Sources */,
				D07A30EE2579062C008BEC40 /* Decoders.swift in Sources */,
				D07A3125257B9F79008BEC40 /* UIImageView-Ext.swift in Sources */,
				D0D03A722578C3E6001D131B /* AppContainer.swift in Sources */,
				D07A30F325790D7D008BEC40 /* Router.swift in Sources */,
				D07A3128257BA651008BEC40 /* UIViewController - Ext.swift in Sources */,
				D07A30F62579148F008BEC40 /* MoviesVC.swift in Sources */,
				D07A3122257A7919008BEC40 /* ListCollectionViewLayout.swift in Sources */,
				D0D03A232578BE9F001D131B /* AppDelegate.swift in Sources */,
				D0D03A252578BE9F001D131B /* SceneDelegate.swift in Sources */,
				D07A311A257A4B10008BEC40 /* MovieCollectionViewCell.swift in Sources */,
				D0DD57572578FAE30067A8E9 /* MoviesViewModel.swift in Sources */,
				D07A30E625790545008BEC40 /* ResourceLoader.swift in Sources */,
			);
			runOnlyForDeploymentPostprocessing = 0;
		};
		D0DD57582578FB120067A8E9 /* Sources */ = {
			isa = PBXSourcesBuildPhase;
			buildActionMask = 2147483647;
			files = (
				D0DD575F2578FB120067A8E9 /* MoviesTests.swift in Sources */,
			);
			runOnlyForDeploymentPostprocessing = 0;
		};
/* End PBXSourcesBuildPhase section */

/* Begin PBXTargetDependency section */
		D0DD57622578FB120067A8E9 /* PBXTargetDependency */ = {
			isa = PBXTargetDependency;
			target = D0D03A1E2578BE9F001D131B /* MoviesApp */;
			targetProxy = D0DD57612578FB120067A8E9 /* PBXContainerItemProxy */;
		};
/* End PBXTargetDependency section */

/* Begin PBXVariantGroup section */
		D0D03A282578BE9F001D131B /* Main.storyboard */ = {
			isa = PBXVariantGroup;
			children = (
				D0D03A292578BE9F001D131B /* Base */,
			);
			name = Main.storyboard;
			sourceTree = "<group>";
		};
		D0D03A2D2578BEA1001D131B /* LaunchScreen.storyboard */ = {
			isa = PBXVariantGroup;
			children = (
				D0D03A2E2578BEA1001D131B /* Base */,
			);
			name = LaunchScreen.storyboard;
			sourceTree = "<group>";
		};
/* End PBXVariantGroup section */

/* Begin XCBuildConfiguration section */
		D0D03A312578BEA1001D131B /* Debug */ = {
			isa = XCBuildConfiguration;
			buildSettings = {
				ALWAYS_SEARCH_USER_PATHS = NO;
				CLANG_ANALYZER_NONNULL = YES;
				CLANG_ANALYZER_NUMBER_OBJECT_CONVERSION = YES_AGGRESSIVE;
				CLANG_CXX_LANGUAGE_STANDARD = "gnu++14";
				CLANG_CXX_LIBRARY = "libc++";
				CLANG_ENABLE_MODULES = YES;
				CLANG_ENABLE_OBJC_ARC = YES;
				CLANG_ENABLE_OBJC_WEAK = YES;
				CLANG_WARN_BLOCK_CAPTURE_AUTORELEASING = YES;
				CLANG_WARN_BOOL_CONVERSION = YES;
				CLANG_WARN_COMMA = YES;
				CLANG_WARN_CONSTANT_CONVERSION = YES;
				CLANG_WARN_DEPRECATED_OBJC_IMPLEMENTATIONS = YES;
				CLANG_WARN_DIRECT_OBJC_ISA_USAGE = YES_ERROR;
				CLANG_WARN_DOCUMENTATION_COMMENTS = YES;
				CLANG_WARN_EMPTY_BODY = YES;
				CLANG_WARN_ENUM_CONVERSION = YES;
				CLANG_WARN_INFINITE_RECURSION = YES;
				CLANG_WARN_INT_CONVERSION = YES;
				CLANG_WARN_NON_LITERAL_NULL_CONVERSION = YES;
				CLANG_WARN_OBJC_IMPLICIT_RETAIN_SELF = YES;
				CLANG_WARN_OBJC_LITERAL_CONVERSION = YES;
				CLANG_WARN_OBJC_ROOT_CLASS = YES_ERROR;
				CLANG_WARN_QUOTED_INCLUDE_IN_FRAMEWORK_HEADER = YES;
				CLANG_WARN_RANGE_LOOP_ANALYSIS = YES;
				CLANG_WARN_STRICT_PROTOTYPES = YES;
				CLANG_WARN_SUSPICIOUS_MOVE = YES;
				CLANG_WARN_UNGUARDED_AVAILABILITY = YES_AGGRESSIVE;
				CLANG_WARN_UNREACHABLE_CODE = YES;
				CLANG_WARN__DUPLICATE_METHOD_MATCH = YES;
				COPY_PHASE_STRIP = NO;
				DEBUG_INFORMATION_FORMAT = dwarf;
				ENABLE_STRICT_OBJC_MSGSEND = YES;
				ENABLE_TESTABILITY = YES;
				GCC_C_LANGUAGE_STANDARD = gnu11;
				GCC_DYNAMIC_NO_PIC = NO;
				GCC_NO_COMMON_BLOCKS = YES;
				GCC_OPTIMIZATION_LEVEL = 0;
				GCC_PREPROCESSOR_DEFINITIONS = (
					"DEBUG=1",
					"$(inherited)",
				);
				GCC_WARN_64_TO_32_BIT_CONVERSION = YES;
				GCC_WARN_ABOUT_RETURN_TYPE = YES_ERROR;
				GCC_WARN_UNDECLARED_SELECTOR = YES;
				GCC_WARN_UNINITIALIZED_AUTOS = YES_AGGRESSIVE;
				GCC_WARN_UNUSED_FUNCTION = YES;
				GCC_WARN_UNUSED_VARIABLE = YES;
				IPHONEOS_DEPLOYMENT_TARGET = 14.2;
				MTL_ENABLE_DEBUG_INFO = INCLUDE_SOURCE;
				MTL_FAST_MATH = YES;
				ONLY_ACTIVE_ARCH = YES;
				SDKROOT = iphoneos;
				SWIFT_ACTIVE_COMPILATION_CONDITIONS = DEBUG;
				SWIFT_OPTIMIZATION_LEVEL = "-Onone";
			};
			name = Debug;
		};
		D0D03A322578BEA1001D131B /* Release */ = {
			isa = XCBuildConfiguration;
			buildSettings = {
				ALWAYS_SEARCH_USER_PATHS = NO;
				CLANG_ANALYZER_NONNULL = YES;
				CLANG_ANALYZER_NUMBER_OBJECT_CONVERSION = YES_AGGRESSIVE;
				CLANG_CXX_LANGUAGE_STANDARD = "gnu++14";
				CLANG_CXX_LIBRARY = "libc++";
				CLANG_ENABLE_MODULES = YES;
				CLANG_ENABLE_OBJC_ARC = YES;
				CLANG_ENABLE_OBJC_WEAK = YES;
				CLANG_WARN_BLOCK_CAPTURE_AUTORELEASING = YES;
				CLANG_WARN_BOOL_CONVERSION = YES;
				CLANG_WARN_COMMA = YES;
				CLANG_WARN_CONSTANT_CONVERSION = YES;
				CLANG_WARN_DEPRECATED_OBJC_IMPLEMENTATIONS = YES;
				CLANG_WARN_DIRECT_OBJC_ISA_USAGE = YES_ERROR;
				CLANG_WARN_DOCUMENTATION_COMMENTS = YES;
				CLANG_WARN_EMPTY_BODY = YES;
				CLANG_WARN_ENUM_CONVERSION = YES;
				CLANG_WARN_INFINITE_RECURSION = YES;
				CLANG_WARN_INT_CONVERSION = YES;
				CLANG_WARN_NON_LITERAL_NULL_CONVERSION = YES;
				CLANG_WARN_OBJC_IMPLICIT_RETAIN_SELF = YES;
				CLANG_WARN_OBJC_LITERAL_CONVERSION = YES;
				CLANG_WARN_OBJC_ROOT_CLASS = YES_ERROR;
				CLANG_WARN_QUOTED_INCLUDE_IN_FRAMEWORK_HEADER = YES;
				CLANG_WARN_RANGE_LOOP_ANALYSIS = YES;
				CLANG_WARN_STRICT_PROTOTYPES = YES;
				CLANG_WARN_SUSPICIOUS_MOVE = YES;
				CLANG_WARN_UNGUARDED_AVAILABILITY = YES_AGGRESSIVE;
				CLANG_WARN_UNREACHABLE_CODE = YES;
				CLANG_WARN__DUPLICATE_METHOD_MATCH = YES;
				COPY_PHASE_STRIP = NO;
				DEBUG_INFORMATION_FORMAT = "dwarf-with-dsym";
				ENABLE_NS_ASSERTIONS = NO;
				ENABLE_STRICT_OBJC_MSGSEND = YES;
				GCC_C_LANGUAGE_STANDARD = gnu11;
				GCC_NO_COMMON_BLOCKS = YES;
				GCC_WARN_64_TO_32_BIT_CONVERSION = YES;
				GCC_WARN_ABOUT_RETURN_TYPE = YES_ERROR;
				GCC_WARN_UNDECLARED_SELECTOR = YES;
				GCC_WARN_UNINITIALIZED_AUTOS = YES_AGGRESSIVE;
				GCC_WARN_UNUSED_FUNCTION = YES;
				GCC_WARN_UNUSED_VARIABLE = YES;
				IPHONEOS_DEPLOYMENT_TARGET = 14.2;
				MTL_ENABLE_DEBUG_INFO = NO;
				MTL_FAST_MATH = YES;
				SDKROOT = iphoneos;
				SWIFT_COMPILATION_MODE = wholemodule;
				SWIFT_OPTIMIZATION_LEVEL = "-O";
				VALIDATE_PRODUCT = YES;
			};
			name = Release;
		};
		D0D03A342578BEA1001D131B /* Debug */ = {
			isa = XCBuildConfiguration;
			buildSettings = {
				ASSETCATALOG_COMPILER_APPICON_NAME = AppIcon;
				ASSETCATALOG_COMPILER_GLOBAL_ACCENT_COLOR_NAME = AccentColor;
				CODE_SIGN_STYLE = Automatic;
				DEVELOPMENT_TEAM = TCFDLZ395L;
				INFOPLIST_FILE = MoviesApp/Info.plist;
				LD_RUNPATH_SEARCH_PATHS = (
					"$(inherited)",
					"@executable_path/Frameworks",
				);
				PRODUCT_BUNDLE_IDENTIFIER = com.cemal.MoviesApp;
				PRODUCT_NAME = "$(TARGET_NAME)";
				SWIFT_VERSION = 5.0;
				TARGETED_DEVICE_FAMILY = 1;
			};
			name = Debug;
		};
		D0D03A352578BEA1001D131B /* Release */ = {
			isa = XCBuildConfiguration;
			buildSettings = {
				ASSETCATALOG_COMPILER_APPICON_NAME = AppIcon;
				ASSETCATALOG_COMPILER_GLOBAL_ACCENT_COLOR_NAME = AccentColor;
				CODE_SIGN_STYLE = Automatic;
				DEVELOPMENT_TEAM = TCFDLZ395L;
				INFOPLIST_FILE = MoviesApp/Info.plist;
				LD_RUNPATH_SEARCH_PATHS = (
					"$(inherited)",
					"@executable_path/Frameworks",
				);
				PRODUCT_BUNDLE_IDENTIFIER = com.cemal.MoviesApp;
				PRODUCT_NAME = "$(TARGET_NAME)";
				SWIFT_VERSION = 5.0;
				TARGETED_DEVICE_FAMILY = 1;
			};
			name = Release;
		};
		D0DD57642578FB120067A8E9 /* Debug */ = {
			isa = XCBuildConfiguration;
			buildSettings = {
				BUNDLE_LOADER = "$(TEST_HOST)";
				CODE_SIGN_STYLE = Automatic;
				DEVELOPMENT_TEAM = TCFDLZ395L;
				INFOPLIST_FILE = MoviesAppTests/Info.plist;
				LD_RUNPATH_SEARCH_PATHS = (
					"$(inherited)",
					"@executable_path/Frameworks",
					"@loader_path/Frameworks",
				);
				PRODUCT_BUNDLE_IDENTIFIER = com.cemal.MoviesAppTests;
				PRODUCT_NAME = "$(TARGET_NAME)";
				SWIFT_VERSION = 5.0;
				TARGETED_DEVICE_FAMILY = "1,2";
				TEST_HOST = "$(BUILT_PRODUCTS_DIR)/MoviesApp.app/MoviesApp";
			};
			name = Debug;
		};
		D0DD57652578FB120067A8E9 /* Release */ = {
			isa = XCBuildConfiguration;
			buildSettings = {
				BUNDLE_LOADER = "$(TEST_HOST)";
				CODE_SIGN_STYLE = Automatic;
				DEVELOPMENT_TEAM = TCFDLZ395L;
				INFOPLIST_FILE = MoviesAppTests/Info.plist;
				LD_RUNPATH_SEARCH_PATHS = (
					"$(inherited)",
					"@executable_path/Frameworks",
					"@loader_path/Frameworks",
				);
				PRODUCT_BUNDLE_IDENTIFIER = com.cemal.MoviesAppTests;
				PRODUCT_NAME = "$(TARGET_NAME)";
				SWIFT_VERSION = 5.0;
				TARGETED_DEVICE_FAMILY = "1,2";
				TEST_HOST = "$(BUILT_PRODUCTS_DIR)/MoviesApp.app/MoviesApp";
			};
			name = Release;
		};
/* End XCBuildConfiguration section */

/* Begin XCConfigurationList section */
		D0D03A1A2578BE9E001D131B /* Build configuration list for PBXProject "MoviesApp" */ = {
			isa = XCConfigurationList;
			buildConfigurations = (
				D0D03A312578BEA1001D131B /* Debug */,
				D0D03A322578BEA1001D131B /* Release */,
			);
			defaultConfigurationIsVisible = 0;
			defaultConfigurationName = Release;
		};
		D0D03A332578BEA1001D131B /* Build configuration list for PBXNativeTarget "MoviesApp" */ = {
			isa = XCConfigurationList;
			buildConfigurations = (
				D0D03A342578BEA1001D131B /* Debug */,
				D0D03A352578BEA1001D131B /* Release */,
			);
			defaultConfigurationIsVisible = 0;
			defaultConfigurationName = Release;
		};
		D0DD57632578FB120067A8E9 /* Build configuration list for PBXNativeTarget "MoviesAppTests" */ = {
			isa = XCConfigurationList;
			buildConfigurations = (
				D0DD57642578FB120067A8E9 /* Debug */,
				D0DD57652578FB120067A8E9 /* Release */,
			);
			defaultConfigurationIsVisible = 0;
			defaultConfigurationName = Release;
		};
/* End XCConfigurationList section */
	};
	rootObject = D0D03A172578BE9E001D131B /* Project object */;
}
